<Solution>
  <Configurations>
    <Platform Name="x64" />
  </Configurations>
  <Folder Name="/DDXConv/">
    <Project Path="src/DDXConv/DDXConv/DDXConv.csproj" />
  </Folder>
  <Project Path="tests/FalloutXbox360Utils.Tests/FalloutXbox360Utils.Tests.csproj" />
  <Project Path="src/FalloutAudioTranscriber/FalloutAudioTranscriber.csproj">
    <Platform Project="x64" />
  </Project>
  <Project Path="src/FalloutRendererProfiler/FalloutRendererProfiler.csproj">
    <Platform Project="x64" />
  </Project>
  <Project Path="src/FalloutMap2DProfiler/FalloutMap2DProfiler.csproj">
    <Platform Project="x64" />
  </Project>
</Solution>
