{
  "version": 2,
  "dependencies": {
    "net10.0": {
      "Spectre.Console": {
        "type": "Direct",
        "requested": "[0.55.2, )",
        "resolved": "0.55.2",
        "contentHash": "yc0g12YJpmZHofGJLTQX02/uqfzJ6XHRx6pe9rANNjleQptXMHPxD9KI2/DWkXiJWddc+4oizEdGox15c89hhw==",
        "dependencies": {
          "Spectre.Console.Ansi": "0.55.2"
        }
      },
      "System.CommandLine": {
        "type": "Direct",
        "requested": "[2.0.8, )",
        "resolved": "2.0.8",
        "contentHash": "FbpgF8p/ClXnoXEWLjQB34kNh5rsLewEgIgLyVzLDucAOQ4cNs7ec9Cam7gdKPruSb6zp4Mx8htZGTL4/5PJPg=="
      },
      "BCnEncoder.Net.ImageSharp": {
        "type": "Transitive",
        "resolved": "1.1.2",
        "contentHash": "qUi8L+bNfHJii95BMBcV6MhBchkKU2VV6sd6D1yyzgm77YhMt+aFT0keh5uf70bvTsRrq/ZKQnE4UQScNU6XAA==",
        "dependencies": {
          "BCnEncoder.Net": "2.2.0",
          "CommunityToolkit.HighPerformance": "8.4.0",
          "SixLabors.ImageSharp": "3.1.7"
        }
      },
      "CommunityToolkit.HighPerformance": {
        "type": "Transitive",
        "resolved": "8.4.0",
        "contentHash": "flxspiBs0G/0GMp7IK2J2ijV9bTG6hEwFc/z6ekHqB6nwRJ4Ry2yLdx+TkbCUYFCl4XhABkAwomeKbT6zM2Zlg=="
      },
      "Spectre.Console.Ansi": {
        "type": "Transitive",
        "resolved": "0.55.2",
        "contentHash": "tN3KEJQQZwLW9HJnG5YTSAxfBwxsmg1wVuGvhGG2rM+pbl+NGaHU8pDcNofPlOXlgpkbpBMxI5t9o9qPfy3sHQ=="
      },
      "ddxconv": {
        "type": "Project",
        "dependencies": {
          "BCnEncoder.Net.ImageSharp": "[1.1.2, )",
          "SixLabors.ImageSharp": "[3.1.12, )"
        }
      },
      "BCnEncoder.Net": {
        "type": "CentralTransitive",
        "requested": "[2.2.0, )",
        "resolved": "2.2.0",
        "contentHash": "bJg23yquVTodLWYBCDu28Dk82Coi138ZnjFlWI4sqaOtjRIvftAZHaQHbm2SdCWUShcG9sEZ4BdOnePY9qB7tA==",
        "dependencies": {
          "CommunityToolkit.HighPerformance": "8.4.0"
        }
      },
      "SixLabors.ImageSharp": {
        "type": "CentralTransitive",
        "requested": "[3.1.12, )",
        "resolved": "3.1.12",
        "contentHash": "iAg6zifihXEFS/t7fiHhZBGAdCp3FavsF4i2ZIDp0JfeYeDVzvmlbY1CNhhIKimaIzrzSi5M/NBFcWvZT2rB/A=="
      }
    }
  }
}